// !$*UTF8*$!
{
	archiveVersion = 1;
	classes = {
	};
	objectVersion = 56;
	objects = {

/* Begin PBXBuildFile section */
		E4F3A81529FD0DF20029D0AE /* Most_Viewed_ArticlesTests.swift in Sources */ = {isa = PBXBuildFile; fileRef = E4F3A81429FD0DF20029D0AE /* Most_Viewed_ArticlesTests.swift */; };
		E4F3A81F29FD0DF20029D0AE /* Most_Viewed_ArticlesUITests.swift in Sources */ = {isa = PBXBuildFile; fileRef = E4F3A81E29FD0DF20029D0AE /* Most_Viewed_ArticlesUITests.swift */; };
		E4F3A82129FD0DF20029D0AE /* Most_Viewed_ArticlesUITestsLaunchTests.swift in Sources */ = {isa = PBXBuildFile; fileRef = E4F3A82029FD0DF20029D0AE /* Most_Viewed_ArticlesUITestsLaunchTests.swift */; };
		E4F3A83C29FD10290029D0AE /* AppDelegate.swift in Sources */ = {isa = PBXBuildFile; fileRef = E4F3A82E29FD10280029D0AE /* AppDelegate.swift */; };
		E4F3A83D29FD10290029D0AE /* SceneDelegate.swift in Sources */ = {isa = PBXBuildFile; fileRef = E4F3A82F29FD10280029D0AE /* SceneDelegate.swift */; };
		E4F3A83E29FD10290029D0AE /* Assets.xcassets in Resources */ = {isa = PBXBuildFile; fileRef = E4F3A83129FD10290029D0AE /* Assets.xcassets */; };
		E4F3A83F29FD10290029D0AE /* LaunchScreen.storyboard in Resources */ = {isa = PBXBuildFile; fileRef = E4F3A83229FD10290029D0AE /* LaunchScreen.storyboard */; };
		E4F3A84029FD10290029D0AE /* Main.storyboard in Resources */ = {isa = PBXBuildFile; fileRef = E4F3A83429FD10290029D0AE /* Main.storyboard */; };
		E4F3A84129FD10290029D0AE /* ArticlesListController.swift in Sources */ = {isa = PBXBuildFile; fileRef = E4F3A83B29FD10290029D0AE /* ArticlesListController.swift */; };
		E4F3A84729FD1DFD0029D0AE /* articlesCell.swift in Sources */ = {isa = PBXBuildFile; fileRef = E4F3A84529FD1DFD0029D0AE /* articlesCell.swift */; };
		E4F3A84829FD1DFD0029D0AE /* articlesCell.xib in Resources */ = {isa = PBXBuildFile; fileRef = E4F3A84629FD1DFD0029D0AE /* articlesCell.xib */; };
		E4F3A84A29FD1F7E0029D0AE /* globalExtensions.swift in Sources */ = {isa = PBXBuildFile; fileRef = E4F3A84929FD1F7E0029D0AE /* globalExtensions.swift */; };
		E4F3A84E29FD25930029D0AE /* sessionManager.swift in Sources */ = {isa = PBXBuildFile; fileRef = E4F3A84D29FD25930029D0AE /* sessionManager.swift */; };
/* End PBXBuildFile section */

/* Begin PBXContainerItemProxy section */
		E4F3A81129FD0DF20029D0AE /* PBXContainerItemProxy */ = {
			isa = PBXContainerItemProxy;
			containerPortal = E4F3A7F229FD0DF00029D0AE /* Project object */;
			proxyType = 1;
			remoteGlobalIDString = E4F3A7F929FD0DF00029D0AE;
			remoteInfo = "Most Viewed Articles";
		};
		E4F3A81B29FD0DF20029D0AE /* PBXContainerItemProxy */ = {
			isa = PBXContainerItemProxy;
			containerPortal = E4F3A7F229FD0DF00029D0AE /* Project object */;
			proxyType = 1;
			remoteGlobalIDString = E4F3A7F929FD0DF00029D0AE;
			remoteInfo = "Most Viewed Articles";
		};
/* End PBXContainerItemProxy section */

/* Begin PBXFileReference section */
		E4F3A7FA29FD0DF00029D0AE /* Most Viewed Articles.app */ = {isa = PBXFileReference; explicitFileType = wrapper.application; includeInIndex = 0; path = "Most Viewed Articles.app"; sourceTree = BUILT_PRODUCTS_DIR; };
		E4F3A80B29FD0DF20029D0AE /* Info.plist */ = {isa = PBXFileReference; lastKnownFileType = text.plist.xml; path = Info.plist; sourceTree = "<group>"; };
		E4F3A81029FD0DF20029D0AE /* Most Viewed ArticlesTests.xctest */ = {isa = PBXFileReference; explicitFileType = wrapper.cfbundle; includeInIndex = 0; path = "Most Viewed ArticlesTests.xctest"; sourceTree = BUILT_PRODUCTS_DIR; };
		E4F3A81429FD0DF20029D0AE /* Most_Viewed_ArticlesTests.swift */ = {isa = PBXFileReference; lastKnownFileType = sourcecode.swift; path = Most_Viewed_ArticlesTests.swift; sourceTree = "<group>"; };
		E4F3A81A29FD0DF20029D0AE /* Most Viewed ArticlesUITests.xctest */ = {isa = PBXFileReference; explicitFileType = wrapper.cfbundle; includeInIndex = 0; path = "Most Viewed ArticlesUITests.xctest"; sourceTree = BUILT_PRODUCTS_DIR; };
		E4F3A81E29FD0DF20029D0AE /* Most_Viewed_ArticlesUITests.swift */ = {isa = PBXFileReference; lastKnownFileType = sourcecode.swift; path = Most_Viewed_ArticlesUITests.swift; sourceTree = "<group>"; };
		E4F3A82029FD0DF20029D0AE /* Most_Viewed_ArticlesUITestsLaunchTests.swift */ = {isa = PBXFileReference; lastKnownFileType = sourcecode.swift; path = Most_Viewed_ArticlesUITestsLaunchTests.swift; sourceTree = "<group>"; };
		E4F3A82E29FD10280029D0AE /* AppDelegate.swift */ = {isa = PBXFileReference; fileEncoding = 4; lastKnownFileType = sourcecode.swift; path = AppDelegate.swift; sourceTree = "<group>"; };
		E4F3A82F29FD10280029D0AE /* SceneDelegate.swift */ = {isa = PBXFileReference; fileEncoding = 4; lastKnownFileType = sourcecode.swift; path = SceneDelegate.swift; sourceTree = "<group>"; };
		E4F3A83129FD10290029D0AE /* Assets.xcassets */ = {isa = PBXFileReference; lastKnownFileType = folder.assetcatalog; path = Assets.xcassets; sourceTree = "<group>"; };
		E4F3A83329FD10290029D0AE /* Base */ = {isa = PBXFileReference; lastKnownFileType = file.storyboard; name = Base; path = Base.lproj/LaunchScreen.storyboard; sourceTree = "<group>"; };
		E4F3A83529FD10290029D0AE /* Base */ = {isa = PBXFileReference; lastKnownFileType = file.storyboard; name = Base; path = Base.lproj/Main.storyboard; sourceTree = "<group>"; };
		E4F3A83B29FD10290029D0AE /* ArticlesListController.swift */ = {isa = PBXFileReference; fileEncoding = 4; lastKnownFileType = sourcecode.swift; path = ArticlesListController.swift; sourceTree = "<group>"; };
		E4F3A84529FD1DFD0029D0AE /* articlesCell.swift */ = {isa = PBXFileReference; lastKnownFileType = sourcecode.swift; path = articlesCell.swift; sourceTree = "<group>"; };
		E4F3A84629FD1DFD0029D0AE /* articlesCell.xib */ = {isa = PBXFileReference; lastKnownFileType = file.xib; path = articlesCell.xib; sourceTree = "<group>"; };
		E4F3A84929FD1F7E0029D0AE /* globalExtensions.swift */ = {isa = PBXFileReference; lastKnownFileType = sourcecode.swift; path = globalExtensions.swift; sourceTree = "<group>"; };
		E4F3A84D29FD25930029D0AE /* sessionManager.swift */ = {isa = PBXFileReference; lastKnownFileType = sourcecode.swift; path = sessionManager.swift; sourceTree = "<group>"; };
/* End PBXFileReference section */

/* Begin PBXFrameworksBuildPhase section */
		E4F3A7F729FD0DF00029D0AE /* Frameworks */ = {
			isa = PBXFrameworksBuildPhase;
			buildActionMask = 2147483647;
			files = (
			);
			runOnlyForDeploymentPostprocessing = 0;
		};
		E4F3A80D29FD0DF20029D0AE /* Frameworks */ = {
			isa = PBXFrameworksBuildPhase;
			buildActionMask = 2147483647;
			files = (
			);
			runOnlyForDeploymentPostprocessing = 0;
		};
		E4F3A81729FD0DF20029D0AE /* Frameworks */ = {
			isa = PBXFrameworksBuildPhase;
			buildActionMask = 2147483647;
			files = (
			);
			runOnlyForDeploymentPostprocessing = 0;
		};
/* End PBXFrameworksBuildPhase section */

/* Begin PBXGroup section */
		E4F3A7F129FD0DF00029D0AE = {
			isa = PBXGroup;
			children = (
				E4F3A7FC29FD0DF00029D0AE /* Most Viewed Articles */,
				E4F3A81329FD0DF20029D0AE /* Most Viewed ArticlesTests */,
				E4F3A81D29FD0DF20029D0AE /* Most Viewed ArticlesUITests */,
				E4F3A7FB29FD0DF00029D0AE /* Products */,
			);
			sourceTree = "<group>";
		};
		E4F3A7FB29FD0DF00029D0AE /* Products */ = {
			isa = PBXGroup;
			children = (
				E4F3A7FA29FD0DF00029D0AE /* Most Viewed Articles.app */,
				E4F3A81029FD0DF20029D0AE /* Most Viewed ArticlesTests.xctest */,
				E4F3A81A29FD0DF20029D0AE /* Most Viewed ArticlesUITests.xctest */,
			);
			name = Products;
			sourceTree = "<group>";
		};
		E4F3A7FC29FD0DF00029D0AE /* Most Viewed Articles */ = {
			isa = PBXGroup;
			children = (
				E4F3A84329FD1C5B0029D0AE /* Helper */,
				E4F3A82D29FD10280029D0AE /* AppDelegate */,
				E4F3A83629FD10290029D0AE /* Controllers */,
				E4F3A83029FD10290029D0AE /* Resources */,
				E4F3A80B29FD0DF20029D0AE /* Info.plist */,
			);
			path = "Most Viewed Articles";
			sourceTree = "<group>";
		};
		E4F3A81329FD0DF20029D0AE /* Most Viewed ArticlesTests */ = {
			isa = PBXGroup;
			children = (
				E4F3A81429FD0DF20029D0AE /* Most_Viewed_ArticlesTests.swift */,
			);
			path = "Most Viewed ArticlesTests";
			sourceTree = "<group>";
		};
		E4F3A81D29FD0DF20029D0AE /* Most Viewed ArticlesUITests */ = {
			isa = PBXGroup;
			children = (
				E4F3A81E29FD0DF20029D0AE /* Most_Viewed_ArticlesUITests.swift */,
				E4F3A82029FD0DF20029D0AE /* Most_Viewed_ArticlesUITestsLaunchTests.swift */,
			);
			path = "Most Viewed ArticlesUITests";
			sourceTree = "<group>";
		};
		E4F3A82D29FD10280029D0AE /* AppDelegate */ = {
			isa = PBXGroup;
			children = (
				E4F3A82E29FD10280029D0AE /* AppDelegate.swift */,
				E4F3A82F29FD10280029D0AE /* SceneDelegate.swift */,
			);
			path = AppDelegate;
			sourceTree = "<group>";
		};
		E4F3A83029FD10290029D0AE /* Resources */ = {
			isa = PBXGroup;
			children = (
				E4F3A83129FD10290029D0AE /* Assets.xcassets */,
				E4F3A83229FD10290029D0AE /* LaunchScreen.storyboard */,
				E4F3A83429FD10290029D0AE /* Main.storyboard */,
			);
			path = Resources;
			sourceTree = "<group>";
		};
		E4F3A83629FD10290029D0AE /* Controllers */ = {
			isa = PBXGroup;
			children = (
				E4F3A83729FD10290029D0AE /* Articles List */,
			);
			path = Controllers;
			sourceTree = "<group>";
		};
		E4F3A83729FD10290029D0AE /* Articles List */ = {
			isa = PBXGroup;
			children = (
				E4F3A83829FD10290029D0AE /* ViewModel */,
				E4F3A83929FD10290029D0AE /* Model */,
				E4F3A83A29FD10290029D0AE /* View */,
			);
			path = "Articles List";
			sourceTree = "<group>";
		};
		E4F3A83829FD10290029D0AE /* ViewModel */ = {
			isa = PBXGroup;
			children = (
			);
			path = ViewModel;
			sourceTree = "<group>";
		};
		E4F3A83929FD10290029D0AE /* Model */ = {
			isa = PBXGroup;
			children = (
			);
			path = Model;
			sourceTree = "<group>";
		};
		E4F3A83A29FD10290029D0AE /* View */ = {
			isa = PBXGroup;
			children = (
				E4F3A83B29FD10290029D0AE /* ArticlesListController.swift */,
			);
			path = View;
			sourceTree = "<group>";
		};
		E4F3A84329FD1C5B0029D0AE /* Helper */ = {
			isa = PBXGroup;
			children = (
				E4F3A84C29FD25840029D0AE /* SessionManager */,
				E4F3A84B29FD25770029D0AE /* Extensions */,
				E4F3A84429FD1C650029D0AE /* CustomCells */,
			);
			path = Helper;
			sourceTree = "<group>";
		};
		E4F3A84429FD1C650029D0AE /* CustomCells */ = {
			isa = PBXGroup;
			children = (
				E4F3A84529FD1DFD0029D0AE /* articlesCell.swift */,
				E4F3A84629FD1DFD0029D0AE /* articlesCell.xib */,
			);
			path = CustomCells;
			sourceTree = "<group>";
		};
		E4F3A84B29FD25770029D0AE /* Extensions */ = {
			isa = PBXGroup;
			children = (
				E4F3A84929FD1F7E0029D0AE /* globalExtensions.swift */,
			);
			path = Extensions;
			sourceTree = "<group>";
		};
		E4F3A84C29FD25840029D0AE /* SessionManager */ = {
			isa = PBXGroup;
			children = (
				E4F3A84D29FD25930029D0AE /* sessionManager.swift */,
			);
			path = SessionManager;
			sourceTree = "<group>";
		};
/* End PBXGroup section */

/* Begin PBXNativeTarget section */
		E4F3A7F929FD0DF00029D0AE /* Most Viewed Articles */ = {
			isa = PBXNativeTarget;
			buildConfigurationList = E4F3A82429FD0DF20029D0AE /* Build configuration list for PBXNativeTarget "Most Viewed Articles" */;
			buildPhases = (
				E4F3A7F629FD0DF00029D0AE /* Sources */,
				E4F3A7F729FD0DF00029D0AE /* Frameworks */,
				E4F3A7F829FD0DF00029D0AE /* Resources */,
			);
			buildRules = (
			);
			dependencies = (
			);
			name = "Most Viewed Articles";
			productName = "Most Viewed Articles";
			productReference = E4F3A7FA29FD0DF00029D0AE /* Most Viewed Articles.app */;
			productType = "com.apple.product-type.application";
		};
		E4F3A80F29FD0DF20029D0AE /* Most Viewed ArticlesTests */ = {
			isa = PBXNativeTarget;
			buildConfigurationList = E4F3A82729FD0DF20029D0AE /* Build configuration list for PBXNativeTarget "Most Viewed ArticlesTests" */;
			buildPhases = (
				E4F3A80C29FD0DF20029D0AE /* Sources */,
				E4F3A80D29FD0DF20029D0AE /* Frameworks */,
				E4F3A80E29FD0DF20029D0AE /* Resources */,
			);
			buildRules = (
			);
			dependencies = (
				E4F3A81229FD0DF20029D0AE /* PBXTargetDependency */,
			);
			name = "Most Viewed ArticlesTests";
			productName = "Most Viewed ArticlesTests";
			productReference = E4F3A81029FD0DF20029D0AE /* Most Viewed ArticlesTests.xctest */;
			productType = "com.apple.product-type.bundle.unit-test";
		};
		E4F3A81929FD0DF20029D0AE /* Most Viewed ArticlesUITests */ = {
			isa = PBXNativeTarget;
			buildConfigurationList = E4F3A82A29FD0DF20029D0AE /* Build configuration list for PBXNativeTarget "Most Viewed ArticlesUITests" */;
			buildPhases = (
				E4F3A81629FD0DF20029D0AE /* Sources */,
				E4F3A81729FD0DF20029D0AE /* Frameworks */,
				E4F3A81829FD0DF20029D0AE /* Resources */,
			);
			buildRules = (
			);
			dependencies = (
				E4F3A81C29FD0DF20029D0AE /* PBXTargetDependency */,
			);
			name = "Most Viewed ArticlesUITests";
			productName = "Most Viewed ArticlesUITests";
			productReference = E4F3A81A29FD0DF20029D0AE /* Most Viewed ArticlesUITests.xctest */;
			productType = "com.apple.product-type.bundle.ui-testing";
		};
/* End PBXNativeTarget section */

/* Begin PBXProject section */
		E4F3A7F229FD0DF00029D0AE /* Project object */ = {
			isa = PBXProject;
			attributes = {
				BuildIndependentTargetsInParallel = 1;
				LastSwiftUpdateCheck = 1430;
				LastUpgradeCheck = 1430;
				TargetAttributes = {
					E4F3A7F929FD0DF00029D0AE = {
						CreatedOnToolsVersion = 14.3;
					};
					E4F3A80F29FD0DF20029D0AE = {
						CreatedOnToolsVersion = 14.3;
						TestTargetID = E4F3A7F929FD0DF00029D0AE;
					};
					E4F3A81929FD0DF20029D0AE = {
						CreatedOnToolsVersion = 14.3;
						TestTargetID = E4F3A7F929FD0DF00029D0AE;
					};
				};
			};
			buildConfigurationList = E4F3A7F529FD0DF00029D0AE /* Build configuration list for PBXProject "Most Viewed Articles" */;
			compatibilityVersion = "Xcode 14.0";
			developmentRegion = en;
			hasScannedForEncodings = 0;
			knownRegions = (
				en,
				Base,
			);
			mainGroup = E4F3A7F129FD0DF00029D0AE;
			productRefGroup = E4F3A7FB29FD0DF00029D0AE /* Products */;
			projectDirPath = "";
			projectRoot = "";
			targets = (
				E4F3A7F929FD0DF00029D0AE /* Most Viewed Articles */,
				E4F3A80F29FD0DF20029D0AE /* Most Viewed ArticlesTests */,
				E4F3A81929FD0DF20029D0AE /* Most Viewed ArticlesUITests */,
			);
		};
/* End PBXProject section */

/* Begin PBXResourcesBuildPhase section */
		E4F3A7F829FD0DF00029D0AE /* Resources */ = {
			isa = PBXResourcesBuildPhase;
			buildActionMask = 2147483647;
			files = (
				E4F3A84829FD1DFD0029D0AE /* articlesCell.xib in Resources */,
				E4F3A84029FD10290029D0AE /* Main.storyboard in Resources */,
				E4F3A83E29FD10290029D0AE /* Assets.xcassets in Resources */,
				E4F3A83F29FD10290029D0AE /* LaunchScreen.storyboard in Resources */,
			);
			runOnlyForDeploymentPostprocessing = 0;
		};
		E4F3A80E29FD0DF20029D0AE /* Resources */ = {
			isa = PBXResourcesBuildPhase;
			buildActionMask = 2147483647;
			files = (
			);
			runOnlyForDeploymentPostprocessing = 0;
		};
		E4F3A81829FD0DF20029D0AE /* Resources */ = {
			isa = PBXResourcesBuildPhase;
			buildActionMask = 2147483647;
			files = (
			);
			runOnlyForDeploymentPostprocessing = 0;
		};
/* End PBXResourcesBuildPhase section */

/* Begin PBXSourcesBuildPhase section */
		E4F3A7F629FD0DF00029D0AE /* Sources */ = {
			isa = PBXSourcesBuildPhase;
			buildActionMask = 2147483647;
			files = (
				E4F3A84729FD1DFD0029D0AE /* articlesCell.swift in Sources */,
				E4F3A84129FD10290029D0AE /* ArticlesListController.swift in Sources */,
				E4F3A84E29FD25930029D0AE /* sessionManager.swift in Sources */,
				E4F3A83C29FD10290029D0AE /* AppDelegate.swift in Sources */,
				E4F3A84A29FD1F7E0029D0AE /* globalExtensions.swift in Sources */,
				E4F3A83D29FD10290029D0AE /* SceneDelegate.swift in Sources */,
			);
			runOnlyForDeploymentPostprocessing = 0;
		};
		E4F3A80C29FD0DF20029D0AE /* Sources */ = {
			isa = PBXSourcesBuildPhase;
			buildActionMask = 2147483647;
			files = (
				E4F3A81529FD0DF20029D0AE /* Most_Viewed_ArticlesTests.swift in Sources */,
			);
			runOnlyForDeploymentPostprocessing = 0;
		};
		E4F3A81629FD0DF20029D0AE /* Sources */ = {
			isa = PBXSourcesBuildPhase;
			buildActionMask = 2147483647;
			files = (
				E4F3A82129FD0DF20029D0AE /* Most_Viewed_ArticlesUITestsLaunchTests.swift in Sources */,
				E4F3A81F29FD0DF20029D0AE /* Most_Viewed_ArticlesUITests.swift in Sources */,
			);
			runOnlyForDeploymentPostprocessing = 0;
		};
/* End PBXSourcesBuildPhase section */

/* Begin PBXTargetDependency section */
		E4F3A81229FD0DF20029D0AE /* PBXTargetDependency */ = {
			isa = PBXTargetDependency;
			target = E4F3A7F929FD0DF00029D0AE /* Most Viewed Articles */;
			targetProxy = E4F3A81129FD0DF20029D0AE /* PBXContainerItemProxy */;
		};
		E4F3A81C29FD0DF20029D0AE /* PBXTargetDependency */ = {
			isa = PBXTargetDependency;
			target = E4F3A7F929FD0DF00029D0AE /* Most Viewed Articles */;
			targetProxy = E4F3A81B29FD0DF20029D0AE /* PBXContainerItemProxy */;
		};
/* End PBXTargetDependency section */

/* Begin PBXVariantGroup section */
		E4F3A83229FD10290029D0AE /* LaunchScreen.storyboard */ = {
			isa = PBXVariantGroup;
			children = (
				E4F3A83329FD10290029D0AE /* Base */,
			);
			name = LaunchScreen.storyboard;
			sourceTree = "<group>";
		};
		E4F3A83429FD10290029D0AE /* Main.storyboard */ = {
			isa = PBXVariantGroup;
			children = (
				E4F3A83529FD10290029D0AE /* Base */,
			);
			name = Main.storyboard;
			sourceTree = "<group>";
		};
/* End PBXVariantGroup section */

/* Begin XCBuildConfiguration section */
		E4F3A82229FD0DF20029D0AE /* Debug */ = {
			isa = XCBuildConfiguration;
			buildSettings = {
				ALWAYS_SEARCH_USER_PATHS = NO;
				CLANG_ANALYZER_NONNULL = YES;
				CLANG_ANALYZER_NUMBER_OBJECT_CONVERSION = YES_AGGRESSIVE;
				CLANG_CXX_LANGUAGE_STANDARD = "gnu++20";
				CLANG_ENABLE_MODULES = YES;
				CLANG_ENABLE_OBJC_ARC = YES;
				CLANG_ENABLE_OBJC_WEAK = YES;
				CLANG_WARN_BLOCK_CAPTURE_AUTORELEASING = YES;
				CLANG_WARN_BOOL_CONVERSION = YES;
				CLANG_WARN_COMMA = YES;
				CLANG_WARN_CONSTANT_CONVERSION = YES;
				CLANG_WARN_DEPRECATED_OBJC_IMPLEMENTATIONS = YES;
				CLANG_WARN_DIRECT_OBJC_ISA_USAGE = YES_ERROR;
				CLANG_WARN_DOCUMENTATION_COMMENTS = YES;
				CLANG_WARN_EMPTY_BODY = YES;
				CLANG_WARN_ENUM_CONVERSION = YES;
				CLANG_WARN_INFINITE_RECURSION = YES;
				CLANG_WARN_INT_CONVERSION = YES;
				CLANG_WARN_NON_LITERAL_NULL_CONVERSION = YES;
				CLANG_WARN_OBJC_IMPLICIT_RETAIN_SELF = YES;
				CLANG_WARN_OBJC_LITERAL_CONVERSION = YES;
				CLANG_WARN_OBJC_ROOT_CLASS = YES_ERROR;
				CLANG_WARN_QUOTED_INCLUDE_IN_FRAMEWORK_HEADER = YES;
				CLANG_WARN_RANGE_LOOP_ANALYSIS = YES;
				CLANG_WARN_STRICT_PROTOTYPES = YES;
				CLANG_WARN_SUSPICIOUS_MOVE = YES;
				CLANG_WARN_UNGUARDED_AVAILABILITY = YES_AGGRESSIVE;
				CLANG_WARN_UNREACHABLE_CODE = YES;
				CLANG_WARN__DUPLICATE_METHOD_MATCH = YES;
				COPY_PHASE_STRIP = NO;
				DEBUG_INFORMATION_FORMAT = dwarf;
				ENABLE_STRICT_OBJC_MSGSEND = YES;
				ENABLE_TESTABILITY = YES;
				GCC_C_LANGUAGE_STANDARD = gnu11;
				GCC_DYNAMIC_NO_PIC = NO;
				GCC_NO_COMMON_BLOCKS = YES;
				GCC_OPTIMIZATION_LEVEL = 0;
				GCC_PREPROCESSOR_DEFINITIONS = (
					"DEBUG=1",
					"$(inherited)",
				);
				GCC_WARN_64_TO_32_BIT_CONVERSION = YES;
				GCC_WARN_ABOUT_RETURN_TYPE = YES_ERROR;
				GCC_WARN_UNDECLARED_SELECTOR = YES;
				GCC_WARN_UNINITIALIZED_AUTOS = YES_AGGRESSIVE;
				GCC_WARN_UNUSED_FUNCTION = YES;
				GCC_WARN_UNUSED_VARIABLE = YES;
				IPHONEOS_DEPLOYMENT_TARGET = 16.4;
				MTL_ENABLE_DEBUG_INFO = INCLUDE_SOURCE;
				MTL_FAST_MATH = YES;
				ONLY_ACTIVE_ARCH = YES;
				SDKROOT = iphoneos;
				SWIFT_ACTIVE_COMPILATION_CONDITIONS = DEBUG;
				SWIFT_OPTIMIZATION_LEVEL = "-Onone";
			};
			name = Debug;
		};
		E4F3A82329FD0DF20029D0AE /* Release */ = {
			isa = XCBuildConfiguration;
			buildSettings = {
				ALWAYS_SEARCH_USER_PATHS = NO;
				CLANG_ANALYZER_NONNULL = YES;
				CLANG_ANALYZER_NUMBER_OBJECT_CONVERSION = YES_AGGRESSIVE;
				CLANG_CXX_LANGUAGE_STANDARD = "gnu++20";
				CLANG_ENABLE_MODULES = YES;
				CLANG_ENABLE_OBJC_ARC = YES;
				CLANG_ENABLE_OBJC_WEAK = YES;
				CLANG_WARN_BLOCK_CAPTURE_AUTORELEASING = YES;
				CLANG_WARN_BOOL_CONVERSION = YES;
				CLANG_WARN_COMMA = YES;
				CLANG_WARN_CONSTANT_CONVERSION = YES;
				CLANG_WARN_DEPRECATED_OBJC_IMPLEMENTATIONS = YES;
				CLANG_WARN_DIRECT_OBJC_ISA_USAGE = YES_ERROR;
				CLANG_WARN_DOCUMENTATION_COMMENTS = YES;
				CLANG_WARN_EMPTY_BODY = YES;
				CLANG_WARN_ENUM_CONVERSION = YES;
				CLANG_WARN_INFINITE_RECURSION = YES;
				CLANG_WARN_INT_CONVERSION = YES;
				CLANG_WARN_NON_LITERAL_NULL_CONVERSION = YES;
				CLANG_WARN_OBJC_IMPLICIT_RETAIN_SELF = YES;
				CLANG_WARN_OBJC_LITERAL_CONVERSION = YES;
				CLANG_WARN_OBJC_ROOT_CLASS = YES_ERROR;
				CLANG_WARN_QUOTED_INCLUDE_IN_FRAMEWORK_HEADER = YES;
				CLANG_WARN_RANGE_LOOP_ANALYSIS = YES;
				CLANG_WARN_STRICT_PROTOTYPES = YES;
				CLANG_WARN_SUSPICIOUS_MOVE = YES;
				CLANG_WARN_UNGUARDED_AVAILABILITY = YES_AGGRESSIVE;
				CLANG_WARN_UNREACHABLE_CODE = YES;
				CLANG_WARN__DUPLICATE_METHOD_MATCH = YES;
				COPY_PHASE_STRIP = NO;
				DEBUG_INFORMATION_FORMAT = "dwarf-with-dsym";
				ENABLE_NS_ASSERTIONS = NO;
				ENABLE_STRICT_OBJC_MSGSEND = YES;
				GCC_C_LANGUAGE_STANDARD = gnu11;
				GCC_NO_COMMON_BLOCKS = YES;
				GCC_WARN_64_TO_32_BIT_CONVERSION = YES;
				GCC_WARN_ABOUT_RETURN_TYPE = YES_ERROR;
				GCC_WARN_UNDECLARED_SELECTOR = YES;
				GCC_WARN_UNINITIALIZED_AUTOS = YES_AGGRESSIVE;
				GCC_WARN_UNUSED_FUNCTION = YES;
				GCC_WARN_UNUSED_VARIABLE = YES;
				IPHONEOS_DEPLOYMENT_TARGET = 16.4;
				MTL_ENABLE_DEBUG_INFO = NO;
				MTL_FAST_MATH = YES;
				SDKROOT = iphoneos;
				SWIFT_COMPILATION_MODE = wholemodule;
				SWIFT_OPTIMIZATION_LEVEL = "-O";
				VALIDATE_PRODUCT = YES;
			};
			name = Release;
		};
		E4F3A82529FD0DF20029D0AE /* Debug */ = {
			isa = XCBuildConfiguration;
			buildSettings = {
				ASSETCATALOG_COMPILER_APPICON_NAME = AppIcon;
				ASSETCATALOG_COMPILER_GLOBAL_ACCENT_COLOR_NAME = AccentColor;
				CODE_SIGN_STYLE = Automatic;
				CURRENT_PROJECT_VERSION = 1;
				DEVELOPMENT_TEAM = FZ9X3G6G33;
				GENERATE_INFOPLIST_FILE = YES;
				INFOPLIST_FILE = "Most Viewed Articles/Info.plist";
				INFOPLIST_KEY_CFBundleDisplayName = "Most Viewed Articles";
				INFOPLIST_KEY_UIApplicationSupportsIndirectInputEvents = YES;
				INFOPLIST_KEY_UILaunchStoryboardName = LaunchScreen;
				INFOPLIST_KEY_UIMainStoryboardFile = Main;
				INFOPLIST_KEY_UISupportedInterfaceOrientations_iPad = "UIInterfaceOrientationPortrait UIInterfaceOrientationPortraitUpsideDown UIInterfaceOrientationLandscapeLeft UIInterfaceOrientationLandscapeRight";
				INFOPLIST_KEY_UISupportedInterfaceOrientations_iPhone = "UIInterfaceOrientationPortrait UIInterfaceOrientationLandscapeLeft UIInterfaceOrientationLandscapeRight";
				IPHONEOS_DEPLOYMENT_TARGET = 13.0;
				LD_RUNPATH_SEARCH_PATHS = (
					"$(inherited)",
					"@executable_path/Frameworks",
				);
				MARKETING_VERSION = 1.0;
				PRODUCT_BUNDLE_IDENTIFIER = "com.moustafa.Most-Viewed-Articles";
				PRODUCT_NAME = "$(TARGET_NAME)";
				SWIFT_EMIT_LOC_STRINGS = YES;
				SWIFT_VERSION = 5.0;
				TARGETED_DEVICE_FAMILY = "1,2";
			};
			name = Debug;
		};
		E4F3A82629FD0DF20029D0AE /* Release */ = {
			isa = XCBuildConfiguration;
			buildSettings = {
				ASSETCATALOG_COMPILER_APPICON_NAME = AppIcon;
				ASSETCATALOG_COMPILER_GLOBAL_ACCENT_COLOR_NAME = AccentColor;
				CODE_SIGN_STYLE = Automatic;
				CURRENT_PROJECT_VERSION = 1;
				DEVELOPMENT_TEAM = FZ9X3G6G33;
				GENERATE_INFOPLIST_FILE = YES;
				INFOPLIST_FILE = "Most Viewed Articles/Info.plist";
				INFOPLIST_KEY_CFBundleDisplayName = "Most Viewed Articles";
				INFOPLIST_KEY_UIApplicationSupportsIndirectInputEvents = YES;
				INFOPLIST_KEY_UILaunchStoryboardName = LaunchScreen;
				INFOPLIST_KEY_UIMainStoryboardFile = Main;
				INFOPLIST_KEY_UISupportedInterfaceOrientations_iPad = "UIInterfaceOrientationPortrait UIInterfaceOrientationPortraitUpsideDown UIInterfaceOrientationLandscapeLeft UIInterfaceOrientationLandscapeRight";
				INFOPLIST_KEY_UISupportedInterfaceOrientations_iPhone = "UIInterfaceOrientationPortrait UIInterfaceOrientationLandscapeLeft UIInterfaceOrientationLandscapeRight";
				IPHONEOS_DEPLOYMENT_TARGET = 13.0;
				LD_RUNPATH_SEARCH_PATHS = (
					"$(inherited)",
					"@executable_path/Frameworks",
				);
				MARKETING_VERSION = 1.0;
				PRODUCT_BUNDLE_IDENTIFIER = "com.moustafa.Most-Viewed-Articles";
				PRODUCT_NAME = "$(TARGET_NAME)";
				SWIFT_EMIT_LOC_STRINGS = YES;
				SWIFT_VERSION = 5.0;
				TARGETED_DEVICE_FAMILY = "1,2";
			};
			name = Release;
		};
		E4F3A82829FD0DF20029D0AE /* Debug */ = {
			isa = XCBuildConfiguration;
			buildSettings = {
				ALWAYS_EMBED_SWIFT_STANDARD_LIBRARIES = YES;
				BUNDLE_LOADER = "$(TEST_HOST)";
				CODE_SIGN_STYLE = Automatic;
				CURRENT_PROJECT_VERSION = 1;
				DEVELOPMENT_TEAM = FZ9X3G6G33;
				GENERATE_INFOPLIST_FILE = YES;
				IPHONEOS_DEPLOYMENT_TARGET = 16.4;
				MARKETING_VERSION = 1.0;
				PRODUCT_BUNDLE_IDENTIFIER = "com.moustafa.Most-Viewed-ArticlesTests";
				PRODUCT_NAME = "$(TARGET_NAME)";
				SWIFT_EMIT_LOC_STRINGS = NO;
				SWIFT_VERSION = 5.0;
				TARGETED_DEVICE_FAMILY = "1,2";
				TEST_HOST = "$(BUILT_PRODUCTS_DIR)/Most Viewed Articles.app/$(BUNDLE_EXECUTABLE_FOLDER_PATH)/Most Viewed Articles";
			};
			name = Debug;
		};
		E4F3A82929FD0DF20029D0AE /* Release */ = {
			isa = XCBuildConfiguration;
			buildSettings = {
				ALWAYS_EMBED_SWIFT_STANDARD_LIBRARIES = YES;
				BUNDLE_LOADER = "$(TEST_HOST)";
				CODE_SIGN_STYLE = Automatic;
				CURRENT_PROJECT_VERSION = 1;
				DEVELOPMENT_TEAM = FZ9X3G6G33;
				GENERATE_INFOPLIST_FILE = YES;
				IPHONEOS_DEPLOYMENT_TARGET = 16.4;
				MARKETING_VERSION = 1.0;
				PRODUCT_BUNDLE_IDENTIFIER = "com.moustafa.Most-Viewed-ArticlesTests";
				PRODUCT_NAME = "$(TARGET_NAME)";
				SWIFT_EMIT_LOC_STRINGS = NO;
				SWIFT_VERSION = 5.0;
				TARGETED_DEVICE_FAMILY = "1,2";
				TEST_HOST = "$(BUILT_PRODUCTS_DIR)/Most Viewed Articles.app/$(BUNDLE_EXECUTABLE_FOLDER_PATH)/Most Viewed Articles";
			};
			name = Release;
		};
		E4F3A82B29FD0DF20029D0AE /* Debug */ = {
			isa = XCBuildConfiguration;
			buildSettings = {
				ALWAYS_EMBED_SWIFT_STANDARD_LIBRARIES = YES;
				CODE_SIGN_STYLE = Automatic;
				CURRENT_PROJECT_VERSION = 1;
				DEVELOPMENT_TEAM = FZ9X3G6G33;
				GENERATE_INFOPLIST_FILE = YES;
				MARKETING_VERSION = 1.0;
				PRODUCT_BUNDLE_IDENTIFIER = "com.moustafa.Most-Viewed-ArticlesUITests";
				PRODUCT_NAME = "$(TARGET_NAME)";
				SWIFT_EMIT_LOC_STRINGS = NO;
				SWIFT_VERSION = 5.0;
				TARGETED_DEVICE_FAMILY = "1,2";
				TEST_TARGET_NAME = "Most Viewed Articles";
			};
			name = Debug;
		};
		E4F3A82C29FD0DF20029D0AE /* Release */ = {
			isa = XCBuildConfiguration;
			buildSettings = {
				ALWAYS_EMBED_SWIFT_STANDARD_LIBRARIES = YES;
				CODE_SIGN_STYLE = Automatic;
				CURRENT_PROJECT_VERSION = 1;
				DEVELOPMENT_TEAM = FZ9X3G6G33;
				GENERATE_INFOPLIST_FILE = YES;
				MARKETING_VERSION = 1.0;
				PRODUCT_BUNDLE_IDENTIFIER = "com.moustafa.Most-Viewed-ArticlesUITests";
				PRODUCT_NAME = "$(TARGET_NAME)";
				SWIFT_EMIT_LOC_STRINGS = NO;
				SWIFT_VERSION = 5.0;
				TARGETED_DEVICE_FAMILY = "1,2";
				TEST_TARGET_NAME = "Most Viewed Articles";
			};
			name = Release;
		};
/* End XCBuildConfiguration section */

/* Begin XCConfigurationList section */
		E4F3A7F529FD0DF00029D0AE /* Build configuration list for PBXProject "Most Viewed Articles" */ = {
			isa = XCConfigurationList;
			buildConfigurations = (
				E4F3A82229FD0DF20029D0AE /* Debug */,
				E4F3A82329FD0DF20029D0AE /* Release */,
			);
			defaultConfigurationIsVisible = 0;
			defaultConfigurationName = Release;
		};
		E4F3A82429FD0DF20029D0AE /* Build configuration list for PBXNativeTarget "Most Viewed Articles" */ = {
			isa = XCConfigurationList;
			buildConfigurations = (
				E4F3A82529FD0DF20029D0AE /* Debug */,
				E4F3A82629FD0DF20029D0AE /* Release */,
			);
			defaultConfigurationIsVisible = 0;
			defaultConfigurationName = Release;
		};
		E4F3A82729FD0DF20029D0AE /* Build configuration list for PBXNativeTarget "Most Viewed ArticlesTests" */ = {
			isa = XCConfigurationList;
			buildConfigurations = (
				E4F3A82829FD0DF20029D0AE /* Debug */,
				E4F3A82929FD0DF20029D0AE /* Release */,
			);
			defaultConfigurationIsVisible = 0;
			defaultConfigurationName = Release;
		};
		E4F3A82A29FD0DF20029D0AE /* Build configuration list for PBXNativeTarget "Most Viewed ArticlesUITests" */ = {
			isa = XCConfigurationList;
			buildConfigurations = (
				E4F3A82B29FD0DF20029D0AE /* Debug */,
				E4F3A82C29FD0DF20029D0AE /* Release */,
			);
			defaultConfigurationIsVisible = 0;
			defaultConfigurationName = Release;
		};
/* End XCConfigurationList section */
	};
	rootObject = E4F3A7F229FD0DF00029D0AE /* Project object */;
}
